{
  "originHash" : "acd88b065d219b8b35478889a44a7d3575cdd7534bf32655327eb87cdc2190d9",
  "pins" : [
    {
      "identity" : "daxkit-sdk-ios",
      "kind" : "remoteSourceControl",
      "location" : "https://github.com/microsoftconnect/DAXKit-SDK-iOS",
      "state" : {
        "revision" : "133a7a6d4ef6dc5f8b3a82aa4223bd489e740540",
        "version" : "1.6.0"
      }
    }
  ],
  "version" : 3
}
