{
  "originHash" : "e1a2ed7c66dd3469b754b509a7f98adb27f0b6cf22bfb2c1e33f28760798f3a6",
  "pins" : [
    {
      "identity" : "daxkit-sdk-ios",
      "kind" : "remoteSourceControl",
      "location" : "https://github.com/microsoftconnect/DAXKit-SDK-iOS",
      "state" : {
        "revision" : "b87747768a9c9230a99d5460686c429c53139964",
        "version" : "1.5.1"
      }
    }
  ],
  "version" : 3
}
